<?xml version="1.0" encoding="utf-8"?>
<Project ToolsVersion="4.0" xmlns="http://schemas.microsoft.com/developer/msbuild/2003">
  <ItemGroup>
    <Filter Include="Source Files">
      <UniqueIdentifier>{d1fd5066-149c-4537-ace9-ea7ec8dc007e}</UniqueIdentifier>
      <Extensions>cpp;c;cc;cxx;c++;cppm;ixx;def;odl;idl;hpj;bat;asm;asmx</Extensions>
    </Filter>
    <Filter Include="Header Files">
      <UniqueIdentifier>{c1315111-f199-4832-9e33-348badfc1568}</UniqueIdentifier>
    </Filter>
  </ItemGroup>
  <ItemGroup>
    <ClCompile Include="main.cpp">
      <Filter>Source Files</Filter>
    </ClCompile>
    <ClCompile Include="..\openinputlagpatch\sha256.c">
      <Filter>Source Files</Filter>
    </ClCompile>
    <ClCompile Include="..\openinputlagpatch\common.cpp">
      <Filter>Source Files</Filter>
    </ClCompile>
  </ItemGroup>
  <ItemGroup>
    <ClInclude Include="..\openinputlagpatch\games.h">
      <Filter>Header Files</Filter>
    </ClInclude>
    <ClInclude Include="..\openinputlagpatch\games_def.h">
      <Filter>Header Files</Filter>
    </ClInclude>
    <ClInclude Include="..\openinputlagpatch\sha256.h">
      <Filter>Header Files</Filter>
    </ClInclude>
    <ClInclude Include="..\openinputlagpatch\common.h">
      <Filter>Header Files</Filter>
    </ClInclude>
  </ItemGroup>
</Project>