<?xml version="1.0" encoding="utf-8"?>
<Project ToolsVersion="4.0" xmlns="http://schemas.microsoft.com/developer/msbuild/2003">
  <ItemGroup>
    <Filter Include="Source Files">
      <UniqueIdentifier>{4FC737F1-C7A5-4376-A066-2A32D752A2FF}</UniqueIdentifier>
      <Extensions>cpp;c;cc;cxx;c++;cppm;ixx;def;odl;idl;hpj;bat;asm;asmx</Extensions>
    </Filter>
    <Filter Include="Header Files">
      <UniqueIdentifier>{93995380-89BD-4b04-88EB-625FBE52EBFB}</UniqueIdentifier>
      <Extensions>h;hh;hpp;hxx;h++;hm;inl;inc;ipp;xsd</Extensions>
    </Filter>
    <Filter Include="Header Files\d3d8">
      <UniqueIdentifier>{2d5d56fb-b335-4162-9b3b-bba4305cc837}</UniqueIdentifier>
    </Filter>
  </ItemGroup>
  <ItemGroup>
    <ClCompile Include="dllmain.cpp">
      <Filter>Source Files</Filter>
    </ClCompile>
    <ClCompile Include="patch_util.cpp">
      <Filter>Source Files</Filter>
    </ClCompile>
    <ClCompile Include="touhou6.cpp">
      <Filter>Source Files</Filter>
    </ClCompile>
    <ClCompile Include="limiter.cpp">
      <Filter>Source Files</Filter>
    </ClCompile>
    <ClCompile Include="d3d9_hook.cpp">
      <Filter>Source Files</Filter>
    </ClCompile>
    <ClCompile Include="oilp_api.cpp">
      <Filter>Source Files</Filter>
    </ClCompile>
    <ClCompile Include="sha256.c">
      <Filter>Source Files</Filter>
    </ClCompile>
    <ClCompile Include="games.cpp">
      <Filter>Source Files</Filter>
    </ClCompile>
    <ClCompile Include="touhou10.cpp">
      <Filter>Source Files</Filter>
    </ClCompile>
    <ClCompile Include="config.cpp">
      <Filter>Source Files</Filter>
    </ClCompile>
  </ItemGroup>
  <ItemGroup>
    <ClInclude Include="patch_util.h">
      <Filter>Header Files</Filter>
    </ClInclude>
    <ClInclude Include="touhou6.h">
      <Filter>Header Files</Filter>
    </ClInclude>
    <ClInclude Include="games.h">
      <Filter>Header Files</Filter>
    </ClInclude>
    <ClInclude Include="d3d8\d3d8.h">
      <Filter>Header Files\d3d8</Filter>
    </ClInclude>
    <ClInclude Include="d3d8\d3d8caps.h">
      <Filter>Header Files\d3d8</Filter>
    </ClInclude>
    <ClInclude Include="d3d8\d3d8types.h">
      <Filter>Header Files\d3d8</Filter>
    </ClInclude>
    <ClInclude Include="limiter.h">
      <Filter>Header Files</Filter>
    </ClInclude>
    <ClInclude Include="d3d9_hook.h">
      <Filter>Header Files</Filter>
    </ClInclude>
    <ClInclude Include="sha256.h">
      <Filter>Header Files</Filter>
    </ClInclude>
    <ClInclude Include="touhou10.h">
      <Filter>Header Files</Filter>
    </ClInclude>
    <ClInclude Include="config.h">
      <Filter>Header Files</Filter>
    </ClInclude>
    <ClInclude Include="games_def.h">
      <Filter>Header Files</Filter>
    </ClInclude>
  </ItemGroup>
</Project>