<?xml version="1.0" encoding="utf-8"?>
<Project ToolsVersion="4.0" xmlns="http://schemas.microsoft.com/developer/msbuild/2003">
  <ItemGroup>
    <Filter Include="Source Files">
      <UniqueIdentifier>{4FC737F1-C7A5-4376-A066-2A32D752A2FF}</UniqueIdentifier>
      <Extensions>cpp;c;cc;cxx;c++;cppm;ixx;def;odl;idl;hpj;bat;asm;asmx</Extensions>
    </Filter>
    <Filter Include="Header Files">
      <UniqueIdentifier>{93995380-89BD-4b04-88EB-625FBE52EBFB}</UniqueIdentifier>
      <Extensions>h;hh;hpp;hxx;h++;hm;inl;inc;ipp;xsd</Extensions>
    </Filter>
    <Filter Include="Header Files\d3d8">
      <UniqueIdentifier>{2d5d56fb-b335-4162-9b3b-bba4305cc837}</UniqueIdentifier>
    </Filter>
    <Filter Include="Header Files\games">
      <UniqueIdentifier>{d475591d-3f42-4a7a-96a0-151d7e1845a4}</UniqueIdentifier>
    </Filter>
    <Filter Include="Source Files\games">
      <UniqueIdentifier>{0750d48e-b22d-431e-9396-fe2f57fc3791}</UniqueIdentifier>
    </Filter>
  </ItemGroup>
  <ItemGroup>
    <ClCompile Include="dllmain.cpp">
      <Filter>Source Files</Filter>
    </ClCompile>
    <ClCompile Include="patch_util.cpp">
      <Filter>Source Files</Filter>
    </ClCompile>
    <ClCompile Include="limiter.cpp">
      <Filter>Source Files</Filter>
    </ClCompile>
    <ClCompile Include="d3d9_hook.cpp">
      <Filter>Source Files</Filter>
    </ClCompile>
    <ClCompile Include="oilp_api.cpp">
      <Filter>Source Files</Filter>
    </ClCompile>
    <ClCompile Include="sha256.c">
      <Filter>Source Files</Filter>
    </ClCompile>
    <ClCompile Include="games.cpp">
      <Filter>Source Files</Filter>
    </ClCompile>
    <ClCompile Include="config.cpp">
      <Filter>Source Files</Filter>
    </ClCompile>
    <ClCompile Include="common.cpp">
      <Filter>Source Files</Filter>
    </ClCompile>
    <ClCompile Include="games\touhou6.cpp">
      <Filter>Source Files\games</Filter>
    </ClCompile>
    <ClCompile Include="games\touhou7.cpp">
      <Filter>Source Files\games</Filter>
    </ClCompile>
    <ClCompile Include="games\touhou10.cpp">
      <Filter>Source Files\games</Filter>
    </ClCompile>
    <ClCompile Include="games\touhou8.cpp">
      <Filter>Source Files\games</Filter>
    </ClCompile>
    <ClCompile Include="games\touhou9.cpp">
      <Filter>Source Files\games</Filter>
    </ClCompile>
    <ClCompile Include="games\touhou11.cpp">
      <Filter>Source Files\games</Filter>
    </ClCompile>
    <ClCompile Include="d3dx9_hook.cpp">
      <Filter>Source Files</Filter>
    </ClCompile>
    <ClCompile Include="games\touhou12.cpp">
      <Filter>Source Files\games</Filter>
    </ClCompile>
    <ClCompile Include="games\touhou13.cpp">
      <Filter>Source Files\games</Filter>
    </ClCompile>
    <ClCompile Include="games\touhou14.cpp">
      <Filter>Source Files\games</Filter>
    </ClCompile>
    <ClCompile Include="games\touhou15.cpp">
      <Filter>Source Files\games</Filter>
    </ClCompile>
    <ClCompile Include="games\touhou16.cpp">
      <Filter>Source Files\games</Filter>
    </ClCompile>
    <ClCompile Include="games\touhou17.cpp">
      <Filter>Source Files\games</Filter>
    </ClCompile>
    <ClCompile Include="games\touhou18.cpp">
      <Filter>Source Files\games</Filter>
    </ClCompile>
    <ClCompile Include="games\touhou95.cpp">
      <Filter>Source Files\games</Filter>
    </ClCompile>
    <ClCompile Include="games\touhou125.cpp">
      <Filter>Source Files\games</Filter>
    </ClCompile>
    <ClCompile Include="games\touhou128.cpp">
      <Filter>Source Files\games</Filter>
    </ClCompile>
    <ClCompile Include="games\touhou143.cpp">
      <Filter>Source Files\games</Filter>
    </ClCompile>
  </ItemGroup>
  <ItemGroup>
    <ClInclude Include="patch_util.h">
      <Filter>Header Files</Filter>
    </ClInclude>
    <ClInclude Include="games.h">
      <Filter>Header Files</Filter>
    </ClInclude>
    <ClInclude Include="d3d8\d3d8.h">
      <Filter>Header Files\d3d8</Filter>
    </ClInclude>
    <ClInclude Include="d3d8\d3d8caps.h">
      <Filter>Header Files\d3d8</Filter>
    </ClInclude>
    <ClInclude Include="d3d8\d3d8types.h">
      <Filter>Header Files\d3d8</Filter>
    </ClInclude>
    <ClInclude Include="limiter.h">
      <Filter>Header Files</Filter>
    </ClInclude>
    <ClInclude Include="d3d9_hook.h">
      <Filter>Header Files</Filter>
    </ClInclude>
    <ClInclude Include="sha256.h">
      <Filter>Header Files</Filter>
    </ClInclude>
    <ClInclude Include="config.h">
      <Filter>Header Files</Filter>
    </ClInclude>
    <ClInclude Include="games_def.h">
      <Filter>Header Files</Filter>
    </ClInclude>
    <ClInclude Include="common.h">
      <Filter>Header Files</Filter>
    </ClInclude>
    <ClInclude Include="games\touhou6.h">
      <Filter>Header Files\games</Filter>
    </ClInclude>
    <ClInclude Include="games\touhou7.h">
      <Filter>Header Files\games</Filter>
    </ClInclude>
    <ClInclude Include="games\touhou10.h">
      <Filter>Header Files\games</Filter>
    </ClInclude>
    <ClInclude Include="games\touhou8.h">
      <Filter>Header Files\games</Filter>
    </ClInclude>
    <ClInclude Include="games\touhou9.h">
      <Filter>Header Files\games</Filter>
    </ClInclude>
    <ClInclude Include="games\touhou11.h">
      <Filter>Header Files\games</Filter>
    </ClInclude>
    <ClInclude Include="d3dx9_hook.h">
      <Filter>Header Files</Filter>
    </ClInclude>
    <ClInclude Include="games\touhou12.h">
      <Filter>Header Files\games</Filter>
    </ClInclude>
    <ClInclude Include="games\touhou13.h">
      <Filter>Header Files\games</Filter>
    </ClInclude>
    <ClInclude Include="games\touhou14.h">
      <Filter>Header Files\games</Filter>
    </ClInclude>
    <ClInclude Include="games\touhou15.h">
      <Filter>Header Files\games</Filter>
    </ClInclude>
    <ClInclude Include="games\touhou16.h">
      <Filter>Header Files\games</Filter>
    </ClInclude>
    <ClInclude Include="games\touhou17.h">
      <Filter>Header Files\games</Filter>
    </ClInclude>
    <ClInclude Include="games\touhou18.h">
      <Filter>Header Files\games</Filter>
    </ClInclude>
    <ClInclude Include="games\touhou95.h">
      <Filter>Header Files\games</Filter>
    </ClInclude>
    <ClInclude Include="games\touhou125.h">
      <Filter>Header Files\games</Filter>
    </ClInclude>
    <ClInclude Include="games\touhou128.h">
      <Filter>Header Files\games</Filter>
    </ClInclude>
    <ClInclude Include="games\touhou143.h">
      <Filter>Header Files\games</Filter>
    </ClInclude>
  </ItemGroup>
  <ItemGroup>
    <None Include="openinputlagpatch.def">
      <Filter>Source Files</Filter>
    </None>
  </ItemGroup>
</Project>